
Microsoft Visual Studio Solution File, Format Version 12.00
# Visual Studio Version 16
VisualStudioVersion = 16.0.30717.126
MinimumVisualStudioVersion = 10.0.40219.1
Project("{FAE04EC0-301F-11D3-BF4B-00C04F79EFBC}") = "AbstractRevisited", "AbstractRevisited\AbstractRevisited.csproj", "{62DFECEB-F378-4BE3-96B8-E0B0AA933828}"
EndProject
Global
	GlobalSection(SolutionConfigurationPlatforms) = preSolution
		Debug|Any CPU = Debug|Any CPU
		Release|Any CPU = Release|Any CPU
	EndGlobalSection
	GlobalSection(ProjectConfigurationPlatforms) = postSolution
		{62DFECEB-F378-4BE3-96B8-E0B0AA933828}.Debug|Any CPU.ActiveCfg = Debug|Any CPU
		{62DFECEB-F378-4BE3-96B8-E0B0AA933828}.Debug|Any CPU.Build.0 = Debug|Any CPU
		{62DFECEB-F378-4BE3-96B8-E0B0AA933828}.Release|Any CPU.ActiveCfg = Release|Any CPU
		{62DFECEB-F378-4BE3-96B8-E0B0AA933828}.Release|Any CPU.Build.0 = Release|Any CPU
	EndGlobalSection
	GlobalSection(SolutionProperties) = preSolution
		HideSolutionNode = FALSE
	EndGlobalSection
	GlobalSection(ExtensibilityGlobals) = postSolution
		SolutionGuid = {740FDD92-1361-49EF-B20B-C53F9CCF210B}
	EndGlobalSection
EndGlobal
